
Microsoft Visual Studio Solution File, Format Version 12.00
# Visual Studio Version 17
VisualStudioVersion = 17.4.33122.133
MinimumVisualStudioVersion = 10.0.40219.1
Project("{FAE04EC0-301F-11D3-BF4B-00C04F79EFBC}") = "Assembly-CSharp", "Assembly-CSharp.csproj", "{5E102E47-FBBB-FB0C-1EC8-ED2CAD048927}"
EndProject
Global
	GlobalSection(SolutionConfigurationPlatforms) = preSolution
		Debug|Any CPU = Debug|Any CPU
		Release|Any CPU = Release|Any CPU
	EndGlobalSection
	GlobalSection(ProjectConfigurationPlatforms) = postSolution
		{5E102E47-FBBB-FB0C-1EC8-ED2CAD048927}.Debug|Any CPU.ActiveCfg = Debug|Any CPU
		{5E102E47-FBBB-FB0C-1EC8-ED2CAD048927}.Debug|Any CPU.Build.0 = Debug|Any CPU
		{5E102E47-FBBB-FB0C-1EC8-ED2CAD048927}.Release|Any CPU.ActiveCfg = Release|Any CPU
		{5E102E47-FBBB-FB0C-1EC8-ED2CAD048927}.Release|Any CPU.Build.0 = Release|Any CPU
	EndGlobalSection
	GlobalSection(SolutionProperties) = preSolution
		HideSolutionNode = FALSE
	EndGlobalSection
	GlobalSection(ExtensibilityGlobals) = postSolution
		SolutionGuid = {4603D9A7-FE3B-4EA0-B5A3-485DDD3F07B8}
	EndGlobalSection
EndGlobal
